{
  "pins" : [
    {
      "identity" : "dittoswiftpackage",
      "kind" : "remoteSourceControl",
      "location" : "https://github.com/getditto/DittoSwiftPackage",
      "state" : {
        "revision" : "9e084eb51207489ed47344365a1f47ce6e10bdbe",
        "version" : "4.5.0-alpha.4"
      }
    },
    {
      "identity" : "swift-collections",
      "kind" : "remoteSourceControl",
      "location" : "https://github.com/apple/swift-collections.git",
      "state" : {
	"revision" : "07e47b1e93e5a1e0ef0c50fcb2d6739fb6be4003",
        "version" : "1.0.0"
      }
    }
  ],
  "version" : 2
}
